
Microsoft Visual Studio Solution File, Format Version 12.00
# Visual Studio Version 16
VisualStudioVersion = 16.0.31727.386
MinimumVisualStudioVersion = 10.0.40219.1
Project("{8BC9CEB8-8B4A-11D0-8D11-00A0C91BC942}") = "task1", "task1\task1.vcxproj", "{E1965EB3-2DCD-48FE-9B0C-BCF242B89A47}"
EndProject
Project("{8BC9CEB8-8B4A-11D0-8D11-00A0C91BC942}") = "task2", "task2\task2.vcxproj", "{91E003AD-8246-4B1E-BCDD-1B5AB75C97EB}"
EndProject
Global
	GlobalSection(SolutionConfigurationPlatforms) = preSolution
		Debug|x64 = Debug|x64
		Debug|x86 = Debug|x86
		Release|x64 = Release|x64
		Release|x86 = Release|x86
	EndGlobalSection
	GlobalSection(ProjectConfigurationPlatforms) = postSolution
		{E1965EB3-2DCD-48FE-9B0C-BCF242B89A47}.Debug|x64.ActiveCfg = Debug|x64
		{E1965EB3-2DCD-48FE-9B0C-BCF242B89A47}.Debug|x64.Build.0 = Debug|x64
		{E1965EB3-2DCD-48FE-9B0C-BCF242B89A47}.Debug|x86.ActiveCfg = Debug|Win32
		{E1965EB3-2DCD-48FE-9B0C-BCF242B89A47}.Debug|x86.Build.0 = Debug|Win32
		{E1965EB3-2DCD-48FE-9B0C-BCF242B89A47}.Release|x64.ActiveCfg = Release|x64
		{E1965EB3-2DCD-48FE-9B0C-BCF242B89A47}.Release|x64.Build.0 = Release|x64
		{E1965EB3-2DCD-48FE-9B0C-BCF242B89A47}.Release|x86.ActiveCfg = Release|Win32
		{E1965EB3-2DCD-48FE-9B0C-BCF242B89A47}.Release|x86.Build.0 = Release|Win32
		{91E003AD-8246-4B1E-BCDD-1B5AB75C97EB}.Debug|x64.ActiveCfg = Debug|x64
		{91E003AD-8246-4B1E-BCDD-1B5AB75C97EB}.Debug|x64.Build.0 = Debug|x64
		{91E003AD-8246-4B1E-BCDD-1B5AB75C97EB}.Debug|x86.ActiveCfg = Debug|Win32
		{91E003AD-8246-4B1E-BCDD-1B5AB75C97EB}.Debug|x86.Build.0 = Debug|Win32
		{91E003AD-8246-4B1E-BCDD-1B5AB75C97EB}.Release|x64.ActiveCfg = Release|x64
		{91E003AD-8246-4B1E-BCDD-1B5AB75C97EB}.Release|x64.Build.0 = Release|x64
		{91E003AD-8246-4B1E-BCDD-1B5AB75C97EB}.Release|x86.ActiveCfg = Release|Win32
		{91E003AD-8246-4B1E-BCDD-1B5AB75C97EB}.Release|x86.Build.0 = Release|Win32
	EndGlobalSection
	GlobalSection(SolutionProperties) = preSolution
		HideSolutionNode = FALSE
	EndGlobalSection
	GlobalSection(ExtensibilityGlobals) = postSolution
		SolutionGuid = {0400AA5C-F416-42B0-BA93-2876FDECF30C}
	EndGlobalSection
EndGlobal
